
Microsoft Visual Studio Solution File, Format Version 12.00
# Visual Studio Version 16
VisualStudioVersion = 16.0.32929.386
MinimumVisualStudioVersion = 10.0.40219.1
Project("{FAE04EC0-301F-11D3-BF4B-00C04F79EFBC}") = "ClassMethod", "ClassMethod\ClassMethod.csproj", "{FD331C90-6D22-4F79-ACFB-129C9A8D9A26}"
EndProject
Global
	GlobalSection(SolutionConfigurationPlatforms) = preSolution
		Debug|Any CPU = Debug|Any CPU
		Release|Any CPU = Release|Any CPU
	EndGlobalSection
	GlobalSection(ProjectConfigurationPlatforms) = postSolution
		{FD331C90-6D22-4F79-ACFB-129C9A8D9A26}.Debug|Any CPU.ActiveCfg = Debug|Any CPU
		{FD331C90-6D22-4F79-ACFB-129C9A8D9A26}.Debug|Any CPU.Build.0 = Debug|Any CPU
		{FD331C90-6D22-4F79-ACFB-129C9A8D9A26}.Release|Any CPU.ActiveCfg = Release|Any CPU
		{FD331C90-6D22-4F79-ACFB-129C9A8D9A26}.Release|Any CPU.Build.0 = Release|Any CPU
	EndGlobalSection
	GlobalSection(SolutionProperties) = preSolution
		HideSolutionNode = FALSE
	EndGlobalSection
	GlobalSection(ExtensibilityGlobals) = postSolution
		SolutionGuid = {8D462A8E-E579-4668-9941-AAA44AE82DF1}
	EndGlobalSection
EndGlobal
